
Microsoft Visual Studio Solution File, Format Version 12.00
# Visual Studio Version 16
VisualStudioVersion = 16.0.30611.23
MinimumVisualStudioVersion = 10.0.40219.1
Project("{FAE04EC0-301F-11D3-BF4B-00C04F79EFBC}") = "WebAppDemo", "WebAppDemo\WebAppDemo.csproj", "{8BB7A998-013E-43F5-87B3-DBA760094E99}"
EndProject
Project("{FAE04EC0-301F-11D3-BF4B-00C04F79EFBC}") = "HealthChecker", "HealthChecker\HealthChecker.csproj", "{A145280F-F31C-4409-86F8-16ABFDCC15D4}"
EndProject
Global
	GlobalSection(SolutionConfigurationPlatforms) = preSolution
		Debug|Any CPU = Debug|Any CPU
		Release|Any CPU = Release|Any CPU
	EndGlobalSection
	GlobalSection(ProjectConfigurationPlatforms) = postSolution
		{8BB7A998-013E-43F5-87B3-DBA760094E99}.Debug|Any CPU.ActiveCfg = Debug|Any CPU
		{8BB7A998-013E-43F5-87B3-DBA760094E99}.Debug|Any CPU.Build.0 = Debug|Any CPU
		{8BB7A998-013E-43F5-87B3-DBA760094E99}.Release|Any CPU.ActiveCfg = Release|Any CPU
		{8BB7A998-013E-43F5-87B3-DBA760094E99}.Release|Any CPU.Build.0 = Release|Any CPU
		{A145280F-F31C-4409-86F8-16ABFDCC15D4}.Debug|Any CPU.ActiveCfg = Debug|Any CPU
		{A145280F-F31C-4409-86F8-16ABFDCC15D4}.Debug|Any CPU.Build.0 = Debug|Any CPU
		{A145280F-F31C-4409-86F8-16ABFDCC15D4}.Release|Any CPU.ActiveCfg = Release|Any CPU
		{A145280F-F31C-4409-86F8-16ABFDCC15D4}.Release|Any CPU.Build.0 = Release|Any CPU
	EndGlobalSection
	GlobalSection(SolutionProperties) = preSolution
		HideSolutionNode = FALSE
	EndGlobalSection
	GlobalSection(ExtensibilityGlobals) = postSolution
		SolutionGuid = {4A749FF8-ACFE-427B-A6AB-9469A11B0953}
	EndGlobalSection
EndGlobal
